
Microsoft Visual Studio Solution File, Format Version 12.00
# Visual Studio Version 17
VisualStudioVersion = 17.8.34525.116
MinimumVisualStudioVersion = 10.0.40219.1
Project("{FAE04EC0-301F-11D3-BF4B-00C04F79EFBC}") = "Orders.Backend", "Orders.Backend\Orders.Backend.csproj", "{1DDBA165-4F22-43E4-A59F-F360AD5BC1C4}"
EndProject
Project("{FAE04EC0-301F-11D3-BF4B-00C04F79EFBC}") = "Orders.Frontend", "Orders.Frontend\Orders.Frontend.csproj", "{CA415626-5D94-4DDA-BC0A-A4C0BB43AB03}"
EndProject
Project("{FAE04EC0-301F-11D3-BF4B-00C04F79EFBC}") = "Orders.Shared", "Orders.Shared\Orders.Shared.csproj", "{8482521D-3BB5-42C8-89FC-E25A730EA0F4}"
EndProject
Project("{FAE04EC0-301F-11D3-BF4B-00C04F79EFBC}") = "Orders.Test", "Orders.Test\Orders.Test.csproj", "{9CA1CECD-08A5-4223-AB62-EBC65AD62681}"
EndProject
Global
	GlobalSection(SolutionConfigurationPlatforms) = preSolution
		Debug|Any CPU = Debug|Any CPU
		Release|Any CPU = Release|Any CPU
	EndGlobalSection
	GlobalSection(ProjectConfigurationPlatforms) = postSolution
		{1DDBA165-4F22-43E4-A59F-F360AD5BC1C4}.Debug|Any CPU.ActiveCfg = Debug|Any CPU
		{1DDBA165-4F22-43E4-A59F-F360AD5BC1C4}.Debug|Any CPU.Build.0 = Debug|Any CPU
		{1DDBA165-4F22-43E4-A59F-F360AD5BC1C4}.Release|Any CPU.ActiveCfg = Release|Any CPU
		{1DDBA165-4F22-43E4-A59F-F360AD5BC1C4}.Release|Any CPU.Build.0 = Release|Any CPU
		{CA415626-5D94-4DDA-BC0A-A4C0BB43AB03}.Debug|Any CPU.ActiveCfg = Debug|Any CPU
		{CA415626-5D94-4DDA-BC0A-A4C0BB43AB03}.Debug|Any CPU.Build.0 = Debug|Any CPU
		{CA415626-5D94-4DDA-BC0A-A4C0BB43AB03}.Release|Any CPU.ActiveCfg = Release|Any CPU
		{CA415626-5D94-4DDA-BC0A-A4C0BB43AB03}.Release|Any CPU.Build.0 = Release|Any CPU
		{8482521D-3BB5-42C8-89FC-E25A730EA0F4}.Debug|Any CPU.ActiveCfg = Debug|Any CPU
		{8482521D-3BB5-42C8-89FC-E25A730EA0F4}.Debug|Any CPU.Build.0 = Debug|Any CPU
		{8482521D-3BB5-42C8-89FC-E25A730EA0F4}.Release|Any CPU.ActiveCfg = Release|Any CPU
		{8482521D-3BB5-42C8-89FC-E25A730EA0F4}.Release|Any CPU.Build.0 = Release|Any CPU
		{9CA1CECD-08A5-4223-AB62-EBC65AD62681}.Debug|Any CPU.ActiveCfg = Debug|Any CPU
		{9CA1CECD-08A5-4223-AB62-EBC65AD62681}.Debug|Any CPU.Build.0 = Debug|Any CPU
		{9CA1CECD-08A5-4223-AB62-EBC65AD62681}.Release|Any CPU.ActiveCfg = Release|Any CPU
		{9CA1CECD-08A5-4223-AB62-EBC65AD62681}.Release|Any CPU.Build.0 = Release|Any CPU
	EndGlobalSection
	GlobalSection(SolutionProperties) = preSolution
		HideSolutionNode = FALSE
	EndGlobalSection
	GlobalSection(ExtensibilityGlobals) = postSolution
		SolutionGuid = {4765E99B-5E48-4DF0-82E8-D669DB8CF185}
	EndGlobalSection
EndGlobal
